// !$*UTF8*$!
{
	archiveVersion = 1;
	classes = {
	};
	objectVersion = 48;
	objects = {

/* Begin PBXBuildFile section */
		63A34B021FBC6C6B00D65C9B /* AppDelegate.swift in Sources */ = {isa = PBXBuildFile; fileRef = 63A34B011FBC6C6B00D65C9B /* AppDelegate.swift */; };
		63A34B041FBC6C6B00D65C9B /* ViewController.swift in Sources */ = {isa = PBXBuildFile; fileRef = 63A34B031FBC6C6B00D65C9B /* ViewController.swift */; };
		63A34B071FBC6C6B00D65C9B /* Main.storyboard in Resources */ = {isa = PBXBuildFile; fileRef = 63A34B051FBC6C6B00D65C9B /* Main.storyboard */; };
		63A34B091FBC6C6B00D65C9B /* Assets.xcassets in Resources */ = {isa = PBXBuildFile; fileRef = 63A34B081FBC6C6B00D65C9B /* Assets.xcassets */; };
		63A34B0C1FBC6C6B00D65C9B /* LaunchScreen.storyboard in Resources */ = {isa = PBXBuildFile; fileRef = 63A34B0A1FBC6C6B00D65C9B /* LaunchScreen.storyboard */; };
/* End PBXBuildFile section */

/* Begin PBXFileReference section */
		63A34AFE1FBC6C6B00D65C9B /* CollectionLayouts.app */ = {isa = PBXFileReference; explicitFileType = wrapper.application; includeInIndex = 0; path = CollectionLayouts.app; sourceTree = BUILT_PRODUCTS_DIR; };
		63A34B011FBC6C6B00D65C9B /* AppDelegate.swift */ = {isa = PBXFileReference; lastKnownFileType = sourcecode.swift; path = AppDelegate.swift; sourceTree = "<group>"; };
		63A34B031FBC6C6B00D65C9B /* ViewController.swift */ = {isa = PBXFileReference; lastKnownFileType = sourcecode.swift; path = ViewController.swift; sourceTree = "<group>"; };
		63A34B061FBC6C6B00D65C9B /* Base */ = {isa = PBXFileReference; lastKnownFileType = file.storyboard; name = Base; path = Base.lproj/Main.storyboard; sourceTree = "<group>"; };
		63A34B081FBC6C6B00D65C9B /* Assets.xcassets */ = {isa = PBXFileReference; lastKnownFileType = folder.assetcatalog; path = Assets.xcassets; sourceTree = "<group>"; };
		63A34B0B1FBC6C6B00D65C9B /* Base */ = {isa = PBXFileReference; lastKnownFileType = file.storyboard; name = Base; path = Base.lproj/LaunchScreen.storyboard; sourceTree = "<group>"; };
		63A34B0D1FBC6C6B00D65C9B /* Info.plist */ = {isa = PBXFileReference; lastKnownFileType = text.plist.xml; path = Info.plist; sourceTree = "<group>"; };
/* End PBXFileReference section */

/* Begin PBXFrameworksBuildPhase section */
		63A34AFB1FBC6C6B00D65C9B /* Frameworks */ = {
			isa = PBXFrameworksBuildPhase;
			buildActionMask = 2147483647;
			files = (
			);
			runOnlyForDeploymentPostprocessing = 0;
		};
/* End PBXFrameworksBuildPhase section */

/* Begin PBXGroup section */
		63A34AF51FBC6C6B00D65C9B = {
			isa = PBXGroup;
			children = (
				63A34B001FBC6C6B00D65C9B /* CollectionLayouts */,
				63A34AFF1FBC6C6B00D65C9B /* Products */,
			);
			sourceTree = "<group>";
		};
		63A34AFF1FBC6C6B00D65C9B /* Products */ = {
			isa = PBXGroup;
			children = (
				63A34AFE1FBC6C6B00D65C9B /* CollectionLayouts.app */,
			);
			name = Products;
			sourceTree = "<group>";
		};
		63A34B001FBC6C6B00D65C9B /* CollectionLayouts */ = {
			isa = PBXGroup;
			children = (
				63A34B011FBC6C6B00D65C9B /* AppDelegate.swift */,
				63A34B031FBC6C6B00D65C9B /* ViewController.swift */,
				63A34B051FBC6C6B00D65C9B /* Main.storyboard */,
				63A34B081FBC6C6B00D65C9B /* Assets.xcassets */,
				63A34B0A1FBC6C6B00D65C9B /* LaunchScreen.storyboard */,
				63A34B0D1FBC6C6B00D65C9B /* Info.plist */,
			);
			path = CollectionLayouts;
			sourceTree = "<group>";
		};
/* End PBXGroup section */

/* Begin PBXNativeTarget section */
		63A34AFD1FBC6C6B00D65C9B /* CollectionLayouts */ = {
			isa = PBXNativeTarget;
			buildConfigurationList = 63A34B101FBC6C6B00D65C9B /* Build configuration list for PBXNativeTarget "CollectionLayouts" */;
			buildPhases = (
				63A34AFA1FBC6C6B00D65C9B /* Sources */,
				63A34AFB1FBC6C6B00D65C9B /* Frameworks */,
				63A34AFC1FBC6C6B00D65C9B /* Resources */,
			);
			buildRules = (
			);
			dependencies = (
			);
			name = CollectionLayouts;
			productName = CollectionLayouts;
			productReference = 63A34AFE1FBC6C6B00D65C9B /* CollectionLayouts.app */;
			productType = "com.apple.product-type.application";
		};
/* End PBXNativeTarget section */

/* Begin PBXProject section */
		63A34AF61FBC6C6B00D65C9B /* Project object */ = {
			isa = PBXProject;
			attributes = {
				LastSwiftUpdateCheck = 0910;
				LastUpgradeCheck = 0910;
				ORGANIZATIONNAME = "Alex Antonyuk";
				TargetAttributes = {
					63A34AFD1FBC6C6B00D65C9B = {
						CreatedOnToolsVersion = 9.1;
						ProvisioningStyle = Automatic;
					};
				};
			};
			buildConfigurationList = 63A34AF91FBC6C6B00D65C9B /* Build configuration list for PBXProject "CollectionLayouts" */;
			compatibilityVersion = "Xcode 8.0";
			developmentRegion = en;
			hasScannedForEncodings = 0;
			knownRegions = (
				en,
				Base,
			);
			mainGroup = 63A34AF51FBC6C6B00D65C9B;
			productRefGroup = 63A34AFF1FBC6C6B00D65C9B /* Products */;
			projectDirPath = "";
			projectRoot = "";
			targets = (
				63A34AFD1FBC6C6B00D65C9B /* CollectionLayouts */,
			);
		};
/* End PBXProject section */

/* Begin PBXResourcesBuildPhase section */
		63A34AFC1FBC6C6B00D65C9B /* Resources */ = {
			isa = PBXResourcesBuildPhase;
			buildActionMask = 2147483647;
			files = (
				63A34B0C1FBC6C6B00D65C9B /* LaunchScreen.storyboard in Resources */,
				63A34B091FBC6C6B00D65C9B /* Assets.xcassets in Resources */,
				63A34B071FBC6C6B00D65C9B /* Main.storyboard in Resources */,
			);
			runOnlyForDeploymentPostprocessing = 0;
		};
/* End PBXResourcesBuildPhase section */

/* Begin PBXSourcesBuildPhase section */
		63A34AFA1FBC6C6B00D65C9B /* Sources */ = {
			isa = PBXSourcesBuildPhase;
			buildActionMask = 2147483647;
			files = (
				63A34B041FBC6C6B00D65C9B /* ViewController.swift in Sources */,
				63A34B021FBC6C6B00D65C9B /* AppDelegate.swift in Sources */,
			);
			runOnlyForDeploymentPostprocessing = 0;
		};
/* End PBXSourcesBuildPhase section */

/* Begin PBXVariantGroup section */
		63A34B051FBC6C6B00D65C9B /* Main.storyboard */ = {
			isa = PBXVariantGroup;
			children = (
				63A34B061FBC6C6B00D65C9B /* Base */,
			);
			name = Main.storyboard;
			sourceTree = "<group>";
		};
		63A34B0A1FBC6C6B00D65C9B /* LaunchScreen.storyboard */ = {
			isa = PBXVariantGroup;
			children = (
				63A34B0B1FBC6C6B00D65C9B /* Base */,
			);
			name = LaunchScreen.storyboard;
			sourceTree = "<group>";
		};
/* End PBXVariantGroup section */

/* Begin XCBuildConfiguration section */
		63A34B0E1FBC6C6B00D65C9B /* Debug */ = {
			isa = XCBuildConfiguration;
			buildSettings = {
				ALWAYS_SEARCH_USER_PATHS = NO;
				CLANG_ANALYZER_NONNULL = YES;
				CLANG_ANALYZER_NUMBER_OBJECT_CONVERSION = YES_AGGRESSIVE;
				CLANG_CXX_LANGUAGE_STANDARD = "gnu++14";
				CLANG_CXX_LIBRARY = "libc++";
				CLANG_ENABLE_MODULES = YES;
				CLANG_ENABLE_OBJC_ARC = YES;
				CLANG_WARN_BLOCK_CAPTURE_AUTORELEASING = YES;
				CLANG_WARN_BOOL_CONVERSION = YES;
				CLANG_WARN_COMMA = YES;
				CLANG_WARN_CONSTANT_CONVERSION = YES;
				CLANG_WARN_DIRECT_OBJC_ISA_USAGE = YES_ERROR;
				CLANG_WARN_DOCUMENTATION_COMMENTS = YES;
				CLANG_WARN_EMPTY_BODY = YES;
				CLANG_WARN_ENUM_CONVERSION = YES;
				CLANG_WARN_INFINITE_RECURSION = YES;
				CLANG_WARN_INT_CONVERSION = YES;
				CLANG_WARN_NON_LITERAL_NULL_CONVERSION = YES;
				CLANG_WARN_OBJC_LITERAL_CONVERSION = YES;
				CLANG_WARN_OBJC_ROOT_CLASS = YES_ERROR;
				CLANG_WARN_RANGE_LOOP_ANALYSIS = YES;
				CLANG_WARN_STRICT_PROTOTYPES = YES;
				CLANG_WARN_SUSPICIOUS_MOVE = YES;
				CLANG_WARN_UNGUARDED_AVAILABILITY = YES_AGGRESSIVE;
				CLANG_WARN_UNREACHABLE_CODE = YES;
				CLANG_WARN__DUPLICATE_METHOD_MATCH = YES;
				CODE_SIGN_IDENTITY = "iPhone Developer";
				COPY_PHASE_STRIP = NO;
				DEBUG_INFORMATION_FORMAT = dwarf;
				ENABLE_STRICT_OBJC_MSGSEND = YES;
				ENABLE_TESTABILITY = YES;
				GCC_C_LANGUAGE_STANDARD = gnu11;
				GCC_DYNAMIC_NO_PIC = NO;
				GCC_NO_COMMON_BLOCKS = YES;
				GCC_OPTIMIZATION_LEVEL = 0;
				GCC_PREPROCESSOR_DEFINITIONS = (
					"DEBUG=1",
					"$(inherited)",
				);
				GCC_WARN_64_TO_32_BIT_CONVERSION = YES;
				GCC_WARN_ABOUT_RETURN_TYPE = YES_ERROR;
				GCC_WARN_UNDECLARED_SELECTOR = YES;
				GCC_WARN_UNINITIALIZED_AUTOS = YES_AGGRESSIVE;
				GCC_WARN_UNUSED_FUNCTION = YES;
				GCC_WARN_UNUSED_VARIABLE = YES;
				IPHONEOS_DEPLOYMENT_TARGET = 11.1;
				MTL_ENABLE_DEBUG_INFO = YES;
				ONLY_ACTIVE_ARCH = YES;
				SDKROOT = iphoneos;
				SWIFT_ACTIVE_COMPILATION_CONDITIONS = DEBUG;
				SWIFT_OPTIMIZATION_LEVEL = "-Onone";
			};
			name = Debug;
		};
		63A34B0F1FBC6C6B00D65C9B /* Release */ = {
			isa = XCBuildConfiguration;
			buildSettings = {
				ALWAYS_SEARCH_USER_PATHS = NO;
				CLANG_ANALYZER_NONNULL = YES;
				CLANG_ANALYZER_NUMBER_OBJECT_CONVERSION = YES_AGGRESSIVE;
				CLANG_CXX_LANGUAGE_STANDARD = "gnu++14";
				CLANG_CXX_LIBRARY = "libc++";
				CLANG_ENABLE_MODULES = YES;
				CLANG_ENABLE_OBJC_ARC = YES;
				CLANG_WARN_BLOCK_CAPTURE_AUTORELEASING = YES;
				CLANG_WARN_BOOL_CONVERSION = YES;
				CLANG_WARN_COMMA = YES;
				CLANG_WARN_CONSTANT_CONVERSION = YES;
				CLANG_WARN_DIRECT_OBJC_ISA_USAGE = YES_ERROR;
				CLANG_WARN_DOCUMENTATION_COMMENTS = YES;
				CLANG_WARN_EMPTY_BODY = YES;
				CLANG_WARN_ENUM_CONVERSION = YES;
				CLANG_WARN_INFINITE_RECURSION = YES;
				CLANG_WARN_INT_CONVERSION = YES;
				CLANG_WARN_NON_LITERAL_NULL_CONVERSION = YES;
				CLANG_WARN_OBJC_LITERAL_CONVERSION = YES;
				CLANG_WARN_OBJC_ROOT_CLASS = YES_ERROR;
				CLANG_WARN_RANGE_LOOP_ANALYSIS = YES;
				CLANG_WARN_STRICT_PROTOTYPES = YES;
				CLANG_WARN_SUSPICIOUS_MOVE = YES;
				CLANG_WARN_UNGUARDED_AVAILABILITY = YES_AGGRESSIVE;
				CLANG_WARN_UNREACHABLE_CODE = YES;
				CLANG_WARN__DUPLICATE_METHOD_MATCH = YES;
				CODE_SIGN_IDENTITY = "iPhone Developer";
				COPY_PHASE_STRIP = NO;
				DEBUG_INFORMATION_FORMAT = "dwarf-with-dsym";
				ENABLE_NS_ASSERTIONS = NO;
				ENABLE_STRICT_OBJC_MSGSEND = YES;
				GCC_C_LANGUAGE_STANDARD = gnu11;
				GCC_NO_COMMON_BLOCKS = YES;
				GCC_WARN_64_TO_32_BIT_CONVERSION = YES;
				GCC_WARN_ABOUT_RETURN_TYPE = YES_ERROR;
				GCC_WARN_UNDECLARED_SELECTOR = YES;
				GCC_WARN_UNINITIALIZED_AUTOS = YES_AGGRESSIVE;
				GCC_WARN_UNUSED_FUNCTION = YES;
				GCC_WARN_UNUSED_VARIABLE = YES;
				IPHONEOS_DEPLOYMENT_TARGET = 11.1;
				MTL_ENABLE_DEBUG_INFO = NO;
				SDKROOT = iphoneos;
				SWIFT_OPTIMIZATION_LEVEL = "-Owholemodule";
				VALIDATE_PRODUCT = YES;
			};
			name = Release;
		};
		63A34B111FBC6C6B00D65C9B /* Debug */ = {
			isa = XCBuildConfiguration;
			buildSettings = {
				ASSETCATALOG_COMPILER_APPICON_NAME = AppIcon;
				CODE_SIGN_STYLE = Automatic;
				DEVELOPMENT_TEAM = ETHW6PAC6R;
				INFOPLIST_FILE = CollectionLayouts/Info.plist;
				LD_RUNPATH_SEARCH_PATHS = "$(inherited) @executable_path/Frameworks";
				PRODUCT_BUNDLE_IDENTIFIER = me.antonyuk.CollectionLayouts;
				PRODUCT_NAME = "$(TARGET_NAME)";
				SWIFT_VERSION = 4.0;
				TARGETED_DEVICE_FAMILY = "1,2";
			};
			name = Debug;
		};
		63A34B121FBC6C6B00D65C9B /* Release */ = {
			isa = XCBuildConfiguration;
			buildSettings = {
				ASSETCATALOG_COMPILER_APPICON_NAME = AppIcon;
				CODE_SIGN_STYLE = Automatic;
				DEVELOPMENT_TEAM = ETHW6PAC6R;
				INFOPLIST_FILE = CollectionLayouts/Info.plist;
				LD_RUNPATH_SEARCH_PATHS = "$(inherited) @executable_path/Frameworks";
				PRODUCT_BUNDLE_IDENTIFIER = me.antonyuk.CollectionLayouts;
				PRODUCT_NAME = "$(TARGET_NAME)";
				SWIFT_VERSION = 4.0;
				TARGETED_DEVICE_FAMILY = "1,2";
			};
			name = Release;
		};
/* End XCBuildConfiguration section */

/* Begin XCConfigurationList section */
		63A34AF91FBC6C6B00D65C9B /* Build configuration list for PBXProject "CollectionLayouts" */ = {
			isa = XCConfigurationList;
			buildConfigurations = (
				63A34B0E1FBC6C6B00D65C9B /* Debug */,
				63A34B0F1FBC6C6B00D65C9B /* Release */,
			);
			defaultConfigurationIsVisible = 0;
			defaultConfigurationName = Release;
		};
		63A34B101FBC6C6B00D65C9B /* Build configuration list for PBXNativeTarget "CollectionLayouts" */ = {
			isa = XCConfigurationList;
			buildConfigurations = (
				63A34B111FBC6C6B00D65C9B /* Debug */,
				63A34B121FBC6C6B00D65C9B /* Release */,
			);
			defaultConfigurationIsVisible = 0;
			defaultConfigurationName = Release;
		};
/* End XCConfigurationList section */
	};
	rootObject = 63A34AF61FBC6C6B00D65C9B /* Project object */;
}
